PODS:
  - f2f_notifications (0.0.1):
    - Flutter
  - Flutter (1.0.0)
  - path_provider (0.0.1):
    - Flutter

DEPENDENCIES:
  - f2f_notifications (from `Pods/.symlinks/plugins/f2f_notifications/ios`)
  - Flutter (from `Pods/.symlinks/flutter/ios`)
  - path_provider (from `Pods/.symlinks/plugins/path_provider/ios`)

EXTERNAL SOURCES:
  f2f_notifications:
    :path: Pods/.symlinks/plugins/f2f_notifications/ios
  Flutter:
    :path: Pods/.symlinks/flutter/ios
  path_provider:
    :path: Pods/.symlinks/plugins/path_provider/ios

SPEC CHECKSUMS:
  f2f_notifications: d233f2d828bd6810147b46eab6f3912426efb4d2
  Flutter: 9d0fac939486c9aba2809b7982dfdbb47a7b0296
  path_provider: 09407919825bfe3c2deae39453b7a5b44f467873

PODFILE CHECKSUM: a58e19c59fdbf6af9d1c82e73a979aef236a37de

COCOAPODS: 1.5.3
